PODS:
  - Capacitor (2.1.0):
    - CapacitorCordova (= 2.1.0)
  - CapacitorCordova (2.1.0)

DEPENDENCIES:
  - Capacitor

SPEC REPOS:
  https://cdn.cocoapods.org/:
    - Capacitor
    - CapacitorCordova

SPEC CHECKSUMS:
  Capacitor: 2566c6028c2f9f222631354ff160bdcbb29a37ca
  CapacitorCordova: ec9566f41e4c5de373f372a5908e586f98581dd9

PODFILE CHECKSUM: b55068ada4d30da536825e332ec8475f4de96082

COCOAPODS: 1.9.1
